
Microsoft Visual Studio Solution File, Format Version 12.00
# Visual Studio Version 17
VisualStudioVersion = 17.7.34221.43
MinimumVisualStudioVersion = 10.0.40219.1
Project("{FAE04EC0-301F-11D3-BF4B-00C04F79EFBC}") = "CountriesPractical", "CountriesPractical\CountriesPractical.csproj", "{DC7A73AE-3498-4E57-B60E-55E3AB021994}"
EndProject
Global
	GlobalSection(SolutionConfigurationPlatforms) = preSolution
		Debug|Any CPU = Debug|Any CPU
		Release|Any CPU = Release|Any CPU
	EndGlobalSection
	GlobalSection(ProjectConfigurationPlatforms) = postSolution
		{DC7A73AE-3498-4E57-B60E-55E3AB021994}.Debug|Any CPU.ActiveCfg = Debug|Any CPU
		{DC7A73AE-3498-4E57-B60E-55E3AB021994}.Debug|Any CPU.Build.0 = Debug|Any CPU
		{DC7A73AE-3498-4E57-B60E-55E3AB021994}.Release|Any CPU.ActiveCfg = Release|Any CPU
		{DC7A73AE-3498-4E57-B60E-55E3AB021994}.Release|Any CPU.Build.0 = Release|Any CPU
	EndGlobalSection
	GlobalSection(SolutionProperties) = preSolution
		HideSolutionNode = FALSE
	EndGlobalSection
	GlobalSection(ExtensibilityGlobals) = postSolution
		SolutionGuid = {98A772CB-F16F-4F4C-881E-0F5C7D350F61}
	EndGlobalSection
EndGlobal
